hash: b35bb0816eed6a0825f9d956e7cdd9a85eaae2838ba93f4a22cf3858d3d9f383
updated: 2019-06-29T05:17:47.434849277Z
imports:
- name: github.com/go-sql-driver/mysql
  version: 877a9775f06853f611fb2d4e817d92479242d1cd
- name: github.com/jinzhu/gorm
  version: a6b790ffd00da9beddc60a0d2d5b9e31f03a3ffd
- name: github.com/jinzhu/inflection
  version: f5c5f50e6090ae76a29240b61ae2a90dd810112e
- name: github.com/labstack/echo
  version: 6b9408d1d1f356a75c9ce61ee708f0d62d686931
- name: github.com/labstack/gommon
  version: d700b06ce5f78800a08e16a7288a4cca389a6e83
  subpackages:
  - color
  - log
- name: github.com/mattn/go-colorable
  version: 8029fb3788e5a4a9c00e415f586a6d033f5d38b3
- name: github.com/mattn/go-isatty
  version: 1311e847b0cb909da63b5fecfb5370aa66236465
- name: github.com/valyala/bytebufferpool
  version: cdfbe9377474227bb42120c1e22fd4433e7f69bf
- name: github.com/valyala/fasttemplate
  version: 8b5e4e491ab636663841c42ea3c5a9adebabaf36
- name: golang.org/x/crypto
  version: cc06ce4a13d484c0101a9e92913248488a75786d
  subpackages:
  - acme
  - acme/autocert
- name: golang.org/x/net
  version: da137c7871d730100384dbcf36e6f8fa493aef5b
  subpackages:
  - idna
- name: golang.org/x/sys
  version: 04f50cda93cbb67f2afa353c52f342100e80e625
  subpackages:
  - unix
- name: golang.org/x/text
  version: 342b2e1fbaa52c93f31447ad2c6abc048c63e475
  subpackages:
  - secure/bidirule
  - transform
  - unicode/bidi
  - unicode/norm
- name: google.golang.org/appengine
  version: b2f4a3cf3c67576a2ee09e1fe62656a5086ce880
  subpackages:
  - cloudsql
testImports: []
